
Microsoft Visual Studio Solution File, Format Version 12.00
# Visual Studio Version 17
VisualStudioVersion = 17.14.36616.10 d17.14
MinimumVisualStudioVersion = 10.0.40219.1
Project("{FAE04EC0-301F-11D3-BF4B-00C04F79EFBC}") = "UnitTesting", "UnitTesting\UnitTesting.csproj", "{9A340014-883D-4E74-9537-F0C6458E9E9C}"
EndProject
Project("{FAE04EC0-301F-11D3-BF4B-00C04F79EFBC}") = "UnitTesting_tester", "UnitTesting_tester\UnitTesting_tester.csproj", "{14968043-8159-421F-A680-BCE45723D897}"
EndProject
Global
	GlobalSection(SolutionConfigurationPlatforms) = preSolution
		Debug|Any CPU = Debug|Any CPU
		Release|Any CPU = Release|Any CPU
	EndGlobalSection
	GlobalSection(ProjectConfigurationPlatforms) = postSolution
		{9A340014-883D-4E74-9537-F0C6458E9E9C}.Debug|Any CPU.ActiveCfg = Debug|Any CPU
		{9A340014-883D-4E74-9537-F0C6458E9E9C}.Debug|Any CPU.Build.0 = Debug|Any CPU
		{9A340014-883D-4E74-9537-F0C6458E9E9C}.Release|Any CPU.ActiveCfg = Release|Any CPU
		{9A340014-883D-4E74-9537-F0C6458E9E9C}.Release|Any CPU.Build.0 = Release|Any CPU
		{14968043-8159-421F-A680-BCE45723D897}.Debug|Any CPU.ActiveCfg = Debug|Any CPU
		{14968043-8159-421F-A680-BCE45723D897}.Debug|Any CPU.Build.0 = Debug|Any CPU
		{14968043-8159-421F-A680-BCE45723D897}.Release|Any CPU.ActiveCfg = Release|Any CPU
		{14968043-8159-421F-A680-BCE45723D897}.Release|Any CPU.Build.0 = Release|Any CPU
	EndGlobalSection
	GlobalSection(SolutionProperties) = preSolution
		HideSolutionNode = FALSE
	EndGlobalSection
	GlobalSection(ExtensibilityGlobals) = postSolution
		SolutionGuid = {FDF046A1-E29D-4BA8-84DA-6454D72E8086}
	EndGlobalSection
EndGlobal
