
Microsoft Visual Studio Solution File, Format Version 12.00
# Visual Studio Version 17
VisualStudioVersion = 17.14.36511.14 d17.14
MinimumVisualStudioVersion = 10.0.40219.1
Project("{FAE04EC0-301F-11D3-BF4B-00C04F79EFBC}") = "Bibliotheekbeheersysteem", "Bibliotheekbeheersysteem\Bibliotheekbeheersysteem.csproj", "{6DB938E7-A6F0-47C4-9D8C-1366084BE5A5}"
EndProject
Global
	GlobalSection(SolutionConfigurationPlatforms) = preSolution
		Debug|Any CPU = Debug|Any CPU
		Release|Any CPU = Release|Any CPU
	EndGlobalSection
	GlobalSection(ProjectConfigurationPlatforms) = postSolution
		{6DB938E7-A6F0-47C4-9D8C-1366084BE5A5}.Debug|Any CPU.ActiveCfg = Debug|Any CPU
		{6DB938E7-A6F0-47C4-9D8C-1366084BE5A5}.Debug|Any CPU.Build.0 = Debug|Any CPU
		{6DB938E7-A6F0-47C4-9D8C-1366084BE5A5}.Release|Any CPU.ActiveCfg = Release|Any CPU
		{6DB938E7-A6F0-47C4-9D8C-1366084BE5A5}.Release|Any CPU.Build.0 = Release|Any CPU
	EndGlobalSection
	GlobalSection(SolutionProperties) = preSolution
		HideSolutionNode = FALSE
	EndGlobalSection
	GlobalSection(ExtensibilityGlobals) = postSolution
		SolutionGuid = {13FFEEBB-76E7-4B1B-AFA4-996FEBFECA89}
	EndGlobalSection
EndGlobal
