
Microsoft Visual Studio Solution File, Format Version 12.00
# Visual Studio Version 17
VisualStudioVersion = 17.14.36915.13
MinimumVisualStudioVersion = 10.0.40219.1
Project("{2150E333-8FDC-42A3-9474-1A3956D46DE8}") = "Labo", "Labo", "{02EA681E-C7D8-13C7-8484-4AC65E1B71E8}"
EndProject
Project("{2150E333-8FDC-42A3-9474-1A3956D46DE8}") = "Labo1", "Labo1", "{91080B01-1C35-4AA1-9938-C665CEBA04B4}"
EndProject
Project("{2150E333-8FDC-42A3-9474-1A3956D46DE8}") = "BadAuthentication", "BadAuthentication", "{503E1C34-7869-454A-9368-4391ECCD7D77}"
EndProject
Project("{2150E333-8FDC-42A3-9474-1A3956D46DE8}") = "EncryptionAndHashing", "EncryptionAndHashing", "{532CEB8B-9F33-4E1E-9C22-8BF5C6658484}"
EndProject
Project("{2150E333-8FDC-42A3-9474-1A3956D46DE8}") = "Opdracht1", "Opdracht1", "{096E0932-F2DB-419E-BF67-D75359E5A852}"
EndProject
Project("{2150E333-8FDC-42A3-9474-1A3956D46DE8}") = "Opdracht2", "Opdracht2", "{A730448B-F8F0-430B-8004-7BE273355AA8}"
EndProject
Project("{2150E333-8FDC-42A3-9474-1A3956D46DE8}") = "Opdracht1", "Opdracht1", "{70ADEDB8-8547-4016-AE98-08F25F4F03B9}"
EndProject
Project("{2150E333-8FDC-42A3-9474-1A3956D46DE8}") = "Opdracht2", "Opdracht2", "{A9287005-9C62-4F3F-81D7-583D7E9A542E}"
EndProject
Project("{2150E333-8FDC-42A3-9474-1A3956D46DE8}") = "Opdracht3", "Opdracht3", "{02D8EA36-75AC-43BA-AC17-98A850799E77}"
EndProject
Project("{2150E333-8FDC-42A3-9474-1A3956D46DE8}") = "Security", "Security", "{2F17965A-90CB-4702-BA25-83B566D62A84}"
EndProject
Project("{2150E333-8FDC-42A3-9474-1A3956D46DE8}") = "Testing", "Testing", "{7B03727C-96DC-4784-B2D7-413881302F87}"
EndProject
Project("{2150E333-8FDC-42A3-9474-1A3956D46DE8}") = "Cursus", "Cursus", "{818BEDED-81ED-4879-8E90-105947C00C6B}"
EndProject
Project("{2150E333-8FDC-42A3-9474-1A3956D46DE8}") = "Labo", "Labo", "{E535CCEF-E1E9-487D-A120-25E8615356C5}"
EndProject
Project("{FAE04EC0-301F-11D3-BF4B-00C04F79EFBC}") = "Simpel_Login", "Simpel_Login\Simpel_Login.csproj", "{8F3F5544-73DF-4415-8388-D4940CC44B85}"
EndProject
Project("{FAE04EC0-301F-11D3-BF4B-00C04F79EFBC}") = "Simple_Login_3Times", "Simple_Login_3Times\Simple_Login_3Times.csproj", "{94C33B32-8ACB-4E46-8393-5B685C6BB01C}"
EndProject
Project("{FAE04EC0-301F-11D3-BF4B-00C04F79EFBC}") = "Hash_wachtwoord", "Hash_wachtwoord\Hash_wachtwoord.csproj", "{FB48CC20-8622-4797-A4B3-A68ED11DA3BF}"
EndProject
Project("{FAE04EC0-301F-11D3-BF4B-00C04F79EFBC}") = "Encryptie_Decryptie_X509Certificate", "Encryptie_Decryptie_X509Certificate\Encryptie_Decryptie_X509Certificate.csproj", "{77F0C5FE-A0D1-4C7B-B0B0-C8B13E5586FA}"
EndProject
Project("{FAE04EC0-301F-11D3-BF4B-00C04F79EFBC}") = "inloggen_encrypted_wachtwoord", "inloggen_encrypted_wachtwoord\inloggen_encrypted_wachtwoord.csproj", "{DB97F412-77BE-4FE4-80C7-252EA0B04665}"
EndProject
Project("{2150E333-8FDC-42A3-9474-1A3956D46DE8}") = "Labo2", "Labo2", "{901CBBE6-0693-4C6C-B2A9-F9197D459B1A}"
EndProject
Project("{2150E333-8FDC-42A3-9474-1A3956D46DE8}") = "2FA", "2FA", "{7861B87A-2ECE-4A0D-BCCE-4F705D907144}"
EndProject
Project("{2150E333-8FDC-42A3-9474-1A3956D46DE8}") = "Opdracht1", "Opdracht1", "{4C394853-AA16-4F6F-BFB7-059465A688A1}"
EndProject
Project("{FAE04EC0-301F-11D3-BF4B-00C04F79EFBC}") = "2FactorAuth", "2FactorAuth\2FactorAuth.csproj", "{4C380B72-781E-4FAB-AE40-6976BE4AD10F}"
EndProject
Project("{2150E333-8FDC-42A3-9474-1A3956D46DE8}") = "Opdracht2", "Opdracht2", "{47DCD593-9B1B-40E7-97DD-79D7DB55AEB9}"
EndProject
Project("{FAE04EC0-301F-11D3-BF4B-00C04F79EFBC}") = "2FA_met_tijdslimiet", "2FA_met_tijdslimiet\2FA_met_tijdslimiet.csproj", "{D7514F2D-5789-41EE-AD69-AE4638D94DD5}"
EndProject
Project("{2150E333-8FDC-42A3-9474-1A3956D46DE8}") = "Digitale_Handtekening", "Digitale_Handtekening", "{282A7077-7CC5-45DF-AE23-5F8F315CD8F9}"
EndProject
Project("{2150E333-8FDC-42A3-9474-1A3956D46DE8}") = "Opdracht1", "Opdracht1", "{22D7C01D-F429-4D45-AFB0-63276BD7E500}"
EndProject
Project("{FAE04EC0-301F-11D3-BF4B-00C04F79EFBC}") = "Digitale_handtekening_maken_(dummy)", "Digitale_handtekening_maken_(dummy)\Digitale_handtekening_maken_(dummy).csproj", "{5682EDFB-DD78-4994-A3C6-E4439DE22FF9}"
EndProject
Project("{2150E333-8FDC-42A3-9474-1A3956D46DE8}") = "Opdracht2", "Opdracht2", "{41183A59-CA2D-419D-B895-5280A4AE6719}"
EndProject
Project("{FAE04EC0-301F-11D3-BF4B-00C04F79EFBC}") = "Encrypt_Sign_Verify_Decrypt", "Encrypt_Sign_Verify_Decrypt\Encrypt_Sign_Verify_Decrypt.csproj", "{421BC6D9-17FA-4417-8EF9-1A64D42D8470}"
EndProject
Global
	GlobalSection(SolutionConfigurationPlatforms) = preSolution
		Debug|Any CPU = Debug|Any CPU
		Release|Any CPU = Release|Any CPU
	EndGlobalSection
	GlobalSection(ProjectConfigurationPlatforms) = postSolution
		{8F3F5544-73DF-4415-8388-D4940CC44B85}.Debug|Any CPU.ActiveCfg = Debug|Any CPU
		{8F3F5544-73DF-4415-8388-D4940CC44B85}.Debug|Any CPU.Build.0 = Debug|Any CPU
		{8F3F5544-73DF-4415-8388-D4940CC44B85}.Release|Any CPU.ActiveCfg = Release|Any CPU
		{8F3F5544-73DF-4415-8388-D4940CC44B85}.Release|Any CPU.Build.0 = Release|Any CPU
		{94C33B32-8ACB-4E46-8393-5B685C6BB01C}.Debug|Any CPU.ActiveCfg = Debug|Any CPU
		{94C33B32-8ACB-4E46-8393-5B685C6BB01C}.Debug|Any CPU.Build.0 = Debug|Any CPU
		{94C33B32-8ACB-4E46-8393-5B685C6BB01C}.Release|Any CPU.ActiveCfg = Release|Any CPU
		{94C33B32-8ACB-4E46-8393-5B685C6BB01C}.Release|Any CPU.Build.0 = Release|Any CPU
		{FB48CC20-8622-4797-A4B3-A68ED11DA3BF}.Debug|Any CPU.ActiveCfg = Debug|Any CPU
		{FB48CC20-8622-4797-A4B3-A68ED11DA3BF}.Debug|Any CPU.Build.0 = Debug|Any CPU
		{FB48CC20-8622-4797-A4B3-A68ED11DA3BF}.Release|Any CPU.ActiveCfg = Release|Any CPU
		{FB48CC20-8622-4797-A4B3-A68ED11DA3BF}.Release|Any CPU.Build.0 = Release|Any CPU
		{77F0C5FE-A0D1-4C7B-B0B0-C8B13E5586FA}.Debug|Any CPU.ActiveCfg = Debug|Any CPU
		{77F0C5FE-A0D1-4C7B-B0B0-C8B13E5586FA}.Debug|Any CPU.Build.0 = Debug|Any CPU
		{77F0C5FE-A0D1-4C7B-B0B0-C8B13E5586FA}.Release|Any CPU.ActiveCfg = Release|Any CPU
		{77F0C5FE-A0D1-4C7B-B0B0-C8B13E5586FA}.Release|Any CPU.Build.0 = Release|Any CPU
		{DB97F412-77BE-4FE4-80C7-252EA0B04665}.Debug|Any CPU.ActiveCfg = Debug|Any CPU
		{DB97F412-77BE-4FE4-80C7-252EA0B04665}.Debug|Any CPU.Build.0 = Debug|Any CPU
		{DB97F412-77BE-4FE4-80C7-252EA0B04665}.Release|Any CPU.ActiveCfg = Release|Any CPU
		{DB97F412-77BE-4FE4-80C7-252EA0B04665}.Release|Any CPU.Build.0 = Release|Any CPU
		{4C380B72-781E-4FAB-AE40-6976BE4AD10F}.Debug|Any CPU.ActiveCfg = Debug|Any CPU
		{4C380B72-781E-4FAB-AE40-6976BE4AD10F}.Debug|Any CPU.Build.0 = Debug|Any CPU
		{4C380B72-781E-4FAB-AE40-6976BE4AD10F}.Release|Any CPU.ActiveCfg = Release|Any CPU
		{4C380B72-781E-4FAB-AE40-6976BE4AD10F}.Release|Any CPU.Build.0 = Release|Any CPU
		{D7514F2D-5789-41EE-AD69-AE4638D94DD5}.Debug|Any CPU.ActiveCfg = Debug|Any CPU
		{D7514F2D-5789-41EE-AD69-AE4638D94DD5}.Debug|Any CPU.Build.0 = Debug|Any CPU
		{D7514F2D-5789-41EE-AD69-AE4638D94DD5}.Release|Any CPU.ActiveCfg = Release|Any CPU
		{D7514F2D-5789-41EE-AD69-AE4638D94DD5}.Release|Any CPU.Build.0 = Release|Any CPU
		{5682EDFB-DD78-4994-A3C6-E4439DE22FF9}.Debug|Any CPU.ActiveCfg = Debug|Any CPU
		{5682EDFB-DD78-4994-A3C6-E4439DE22FF9}.Debug|Any CPU.Build.0 = Debug|Any CPU
		{5682EDFB-DD78-4994-A3C6-E4439DE22FF9}.Release|Any CPU.ActiveCfg = Release|Any CPU
		{5682EDFB-DD78-4994-A3C6-E4439DE22FF9}.Release|Any CPU.Build.0 = Release|Any CPU
		{421BC6D9-17FA-4417-8EF9-1A64D42D8470}.Debug|Any CPU.ActiveCfg = Debug|Any CPU
		{421BC6D9-17FA-4417-8EF9-1A64D42D8470}.Debug|Any CPU.Build.0 = Debug|Any CPU
		{421BC6D9-17FA-4417-8EF9-1A64D42D8470}.Release|Any CPU.ActiveCfg = Release|Any CPU
		{421BC6D9-17FA-4417-8EF9-1A64D42D8470}.Release|Any CPU.Build.0 = Release|Any CPU
	EndGlobalSection
	GlobalSection(SolutionProperties) = preSolution
		HideSolutionNode = FALSE
	EndGlobalSection
	GlobalSection(NestedProjects) = preSolution
		{02EA681E-C7D8-13C7-8484-4AC65E1B71E8} = {2F17965A-90CB-4702-BA25-83B566D62A84}
		{91080B01-1C35-4AA1-9938-C665CEBA04B4} = {02EA681E-C7D8-13C7-8484-4AC65E1B71E8}
		{503E1C34-7869-454A-9368-4391ECCD7D77} = {91080B01-1C35-4AA1-9938-C665CEBA04B4}
		{532CEB8B-9F33-4E1E-9C22-8BF5C6658484} = {91080B01-1C35-4AA1-9938-C665CEBA04B4}
		{096E0932-F2DB-419E-BF67-D75359E5A852} = {503E1C34-7869-454A-9368-4391ECCD7D77}
		{A730448B-F8F0-430B-8004-7BE273355AA8} = {503E1C34-7869-454A-9368-4391ECCD7D77}
		{70ADEDB8-8547-4016-AE98-08F25F4F03B9} = {532CEB8B-9F33-4E1E-9C22-8BF5C6658484}
		{A9287005-9C62-4F3F-81D7-583D7E9A542E} = {532CEB8B-9F33-4E1E-9C22-8BF5C6658484}
		{02D8EA36-75AC-43BA-AC17-98A850799E77} = {532CEB8B-9F33-4E1E-9C22-8BF5C6658484}
		{818BEDED-81ED-4879-8E90-105947C00C6B} = {7B03727C-96DC-4784-B2D7-413881302F87}
		{E535CCEF-E1E9-487D-A120-25E8615356C5} = {7B03727C-96DC-4784-B2D7-413881302F87}
		{8F3F5544-73DF-4415-8388-D4940CC44B85} = {096E0932-F2DB-419E-BF67-D75359E5A852}
		{94C33B32-8ACB-4E46-8393-5B685C6BB01C} = {A730448B-F8F0-430B-8004-7BE273355AA8}
		{FB48CC20-8622-4797-A4B3-A68ED11DA3BF} = {70ADEDB8-8547-4016-AE98-08F25F4F03B9}
		{77F0C5FE-A0D1-4C7B-B0B0-C8B13E5586FA} = {A9287005-9C62-4F3F-81D7-583D7E9A542E}
		{DB97F412-77BE-4FE4-80C7-252EA0B04665} = {02D8EA36-75AC-43BA-AC17-98A850799E77}
		{901CBBE6-0693-4C6C-B2A9-F9197D459B1A} = {02EA681E-C7D8-13C7-8484-4AC65E1B71E8}
		{7861B87A-2ECE-4A0D-BCCE-4F705D907144} = {901CBBE6-0693-4C6C-B2A9-F9197D459B1A}
		{4C394853-AA16-4F6F-BFB7-059465A688A1} = {7861B87A-2ECE-4A0D-BCCE-4F705D907144}
		{4C380B72-781E-4FAB-AE40-6976BE4AD10F} = {4C394853-AA16-4F6F-BFB7-059465A688A1}
		{47DCD593-9B1B-40E7-97DD-79D7DB55AEB9} = {7861B87A-2ECE-4A0D-BCCE-4F705D907144}
		{D7514F2D-5789-41EE-AD69-AE4638D94DD5} = {47DCD593-9B1B-40E7-97DD-79D7DB55AEB9}
		{282A7077-7CC5-45DF-AE23-5F8F315CD8F9} = {901CBBE6-0693-4C6C-B2A9-F9197D459B1A}
		{22D7C01D-F429-4D45-AFB0-63276BD7E500} = {282A7077-7CC5-45DF-AE23-5F8F315CD8F9}
		{5682EDFB-DD78-4994-A3C6-E4439DE22FF9} = {22D7C01D-F429-4D45-AFB0-63276BD7E500}
		{41183A59-CA2D-419D-B895-5280A4AE6719} = {282A7077-7CC5-45DF-AE23-5F8F315CD8F9}
		{421BC6D9-17FA-4417-8EF9-1A64D42D8470} = {41183A59-CA2D-419D-B895-5280A4AE6719}
	EndGlobalSection
	GlobalSection(ExtensibilityGlobals) = postSolution
		SolutionGuid = {DC6CF4C8-2F05-43E0-8AA3-F4AF8B431C82}
	EndGlobalSection
EndGlobal
